
Microsoft Visual Studio Solution File, Format Version 12.00
# Visual Studio Version 16
VisualStudioVersion = 16.0.30711.63
MinimumVisualStudioVersion = 10.0.40219.1
Project("{FAE04EC0-301F-11D3-BF4B-00C04F79EFBC}") = "Entidades", "Entidades\Entidades.csproj", "{4137997E-C429-45C8-BE1E-ED53BE283CFF}"
EndProject
Project("{FAE04EC0-301F-11D3-BF4B-00C04F79EFBC}") = "FrmPrincipal", "FrmPrincipal\FrmPrincipal.csproj", "{6E5E9778-6FA2-4776-B39F-2FC8528557DD}"
EndProject
Project("{FAE04EC0-301F-11D3-BF4B-00C04F79EFBC}") = "Test", "Test\Test.csproj", "{94C960F4-3065-4A5E-90A2-C0FBB23228BF}"
EndProject
Project("{FAE04EC0-301F-11D3-BF4B-00C04F79EFBC}") = "TestUnitarios.TP4", "TestUnitarios.TP4\TestUnitarios.TP4.csproj", "{B92D7339-B22A-4049-80B7-ED5C62BB65E4}"
EndProject
Global
	GlobalSection(SolutionConfigurationPlatforms) = preSolution
		Debug|Any CPU = Debug|Any CPU
		Release|Any CPU = Release|Any CPU
	EndGlobalSection
	GlobalSection(ProjectConfigurationPlatforms) = postSolution
		{4137997E-C429-45C8-BE1E-ED53BE283CFF}.Debug|Any CPU.ActiveCfg = Debug|Any CPU
		{4137997E-C429-45C8-BE1E-ED53BE283CFF}.Debug|Any CPU.Build.0 = Debug|Any CPU
		{4137997E-C429-45C8-BE1E-ED53BE283CFF}.Release|Any CPU.ActiveCfg = Release|Any CPU
		{4137997E-C429-45C8-BE1E-ED53BE283CFF}.Release|Any CPU.Build.0 = Release|Any CPU
		{6E5E9778-6FA2-4776-B39F-2FC8528557DD}.Debug|Any CPU.ActiveCfg = Debug|Any CPU
		{6E5E9778-6FA2-4776-B39F-2FC8528557DD}.Debug|Any CPU.Build.0 = Debug|Any CPU
		{6E5E9778-6FA2-4776-B39F-2FC8528557DD}.Release|Any CPU.ActiveCfg = Release|Any CPU
		{6E5E9778-6FA2-4776-B39F-2FC8528557DD}.Release|Any CPU.Build.0 = Release|Any CPU
		{94C960F4-3065-4A5E-90A2-C0FBB23228BF}.Debug|Any CPU.ActiveCfg = Debug|Any CPU
		{94C960F4-3065-4A5E-90A2-C0FBB23228BF}.Debug|Any CPU.Build.0 = Debug|Any CPU
		{94C960F4-3065-4A5E-90A2-C0FBB23228BF}.Release|Any CPU.ActiveCfg = Release|Any CPU
		{94C960F4-3065-4A5E-90A2-C0FBB23228BF}.Release|Any CPU.Build.0 = Release|Any CPU
		{B92D7339-B22A-4049-80B7-ED5C62BB65E4}.Debug|Any CPU.ActiveCfg = Debug|Any CPU
		{B92D7339-B22A-4049-80B7-ED5C62BB65E4}.Debug|Any CPU.Build.0 = Debug|Any CPU
		{B92D7339-B22A-4049-80B7-ED5C62BB65E4}.Release|Any CPU.ActiveCfg = Release|Any CPU
		{B92D7339-B22A-4049-80B7-ED5C62BB65E4}.Release|Any CPU.Build.0 = Release|Any CPU
	EndGlobalSection
	GlobalSection(SolutionProperties) = preSolution
		HideSolutionNode = FALSE
	EndGlobalSection
	GlobalSection(ExtensibilityGlobals) = postSolution
		SolutionGuid = {1BE861C1-5609-4B33-812F-12CA2AF43234}
	EndGlobalSection
EndGlobal
